// !$*UTF8*$!
{
	archiveVersion = 1;
	classes = {
	};
	objectVersion = 55;
	objects = {

/* Begin PBXBuildFile section */
		E271F71728E6140A0020F339 /* Coin.swift in Sources */ = {isa = PBXBuildFile; fileRef = E271F71628E6140A0020F339 /* Coin.swift */; };
		E2C6F06A28E62DE80006D9C2 /* Kingfisher in Frameworks */ = {isa = PBXBuildFile; productRef = E2C6F06928E62DE80006D9C2 /* Kingfisher */; };
		E2C6F06C28E62F4B0006D9C2 /* Double.swift in Sources */ = {isa = PBXBuildFile; fileRef = E2C6F06B28E62F4B0006D9C2 /* Double.swift */; };
		E2F8989228E5AC030038B346 /* CryptoCurrency_App App.swift in Sources */ = {isa = PBXBuildFile; fileRef = E2F8989128E5AC030038B346 /* CryptoCurrency_App App.swift */; };
		E2F8989628E5AC060038B346 /* Assets.xcassets in Resources */ = {isa = PBXBuildFile; fileRef = E2F8989528E5AC060038B346 /* Assets.xcassets */; };
		E2F898A728E5B15E0038B346 /* HomeView.swift in Sources */ = {isa = PBXBuildFile; fileRef = E2F898A628E5B15E0038B346 /* HomeView.swift */; };
		E2F898AA28E5B3440038B346 /* TopMoversView.swift in Sources */ = {isa = PBXBuildFile; fileRef = E2F898A928E5B3440038B346 /* TopMoversView.swift */; };
		E2F898AC28E5B3750038B346 /* TopMoversItemView.swift in Sources */ = {isa = PBXBuildFile; fileRef = E2F898AB28E5B3750038B346 /* TopMoversItemView.swift */; };
		E2F898AE28E5BF210038B346 /* AllCoinView.swift in Sources */ = {isa = PBXBuildFile; fileRef = E2F898AD28E5BF210038B346 /* AllCoinView.swift */; };
		E2F898B028E5BF340038B346 /* CoinRowView.swift in Sources */ = {isa = PBXBuildFile; fileRef = E2F898AF28E5BF340038B346 /* CoinRowView.swift */; };
		E2F898B328E5C8640038B346 /* HomeViewModel.swift in Sources */ = {isa = PBXBuildFile; fileRef = E2F898B228E5C8640038B346 /* HomeViewModel.swift */; };
/* End PBXBuildFile section */

/* Begin PBXFileReference section */
		E271F71628E6140A0020F339 /* Coin.swift */ = {isa = PBXFileReference; lastKnownFileType = sourcecode.swift; path = Coin.swift; sourceTree = "<group>"; };
		E2C6F06B28E62F4B0006D9C2 /* Double.swift */ = {isa = PBXFileReference; lastKnownFileType = sourcecode.swift; path = Double.swift; sourceTree = "<group>"; };
		E2F8988E28E5AC030038B346 /* CryptoCurrency App.app */ = {isa = PBXFileReference; explicitFileType = wrapper.application; includeInIndex = 0; path = "CryptoCurrency App.app"; sourceTree = BUILT_PRODUCTS_DIR; };
		E2F8989128E5AC030038B346 /* CryptoCurrency_App App.swift */ = {isa = PBXFileReference; lastKnownFileType = sourcecode.swift; path = "CryptoCurrency_App App.swift"; sourceTree = "<group>"; };
		E2F8989528E5AC060038B346 /* Assets.xcassets */ = {isa = PBXFileReference; lastKnownFileType = folder.assetcatalog; path = Assets.xcassets; sourceTree = "<group>"; };
		E2F898A628E5B15E0038B346 /* HomeView.swift */ = {isa = PBXFileReference; lastKnownFileType = sourcecode.swift; path = HomeView.swift; sourceTree = "<group>"; };
		E2F898A928E5B3440038B346 /* TopMoversView.swift */ = {isa = PBXFileReference; lastKnownFileType = sourcecode.swift; path = TopMoversView.swift; sourceTree = "<group>"; };
		E2F898AB28E5B3750038B346 /* TopMoversItemView.swift */ = {isa = PBXFileReference; lastKnownFileType = sourcecode.swift; path = TopMoversItemView.swift; sourceTree = "<group>"; };
		E2F898AD28E5BF210038B346 /* AllCoinView.swift */ = {isa = PBXFileReference; lastKnownFileType = sourcecode.swift; path = AllCoinView.swift; sourceTree = "<group>"; };
		E2F898AF28E5BF340038B346 /* CoinRowView.swift */ = {isa = PBXFileReference; lastKnownFileType = sourcecode.swift; path = CoinRowView.swift; sourceTree = "<group>"; };
		E2F898B228E5C8640038B346 /* HomeViewModel.swift */ = {isa = PBXFileReference; lastKnownFileType = sourcecode.swift; path = HomeViewModel.swift; sourceTree = "<group>"; };
/* End PBXFileReference section */

/* Begin PBXFrameworksBuildPhase section */
		E2F8988B28E5AC030038B346 /* Frameworks */ = {
			isa = PBXFrameworksBuildPhase;
			buildActionMask = 2147483647;
			files = (
				E2C6F06A28E62DE80006D9C2 /* Kingfisher in Frameworks */,
			);
			runOnlyForDeploymentPostprocessing = 0;
		};
/* End PBXFrameworksBuildPhase section */

/* Begin PBXGroup section */
		E271F71528E613F70020F339 /* Models */ = {
			isa = PBXGroup;
			children = (
				E271F71628E6140A0020F339 /* Coin.swift */,
			);
			path = Models;
			sourceTree = "<group>";
		};
		E2F8988528E5AC030038B346 = {
			isa = PBXGroup;
			children = (
				E2F8989028E5AC030038B346 /* CryptoCurrency App */,
				E2F8988F28E5AC030038B346 /* Products */,
			);
			sourceTree = "<group>";
		};
		E2F8988F28E5AC030038B346 /* Products */ = {
			isa = PBXGroup;
			children = (
				E2F8988E28E5AC030038B346 /* CryptoCurrency App.app */,
			);
			name = Products;
			sourceTree = "<group>";
		};
		E2F8989028E5AC030038B346 /* CryptoCurrency App */ = {
			isa = PBXGroup;
			children = (
				E271F71528E613F70020F339 /* Models */,
				E2F898A028E5B0550038B346 /* extensions */,
				E2F898A128E5B0890038B346 /* core */,
				E2F898A228E5B0930038B346 /* App */,
				E2F8989528E5AC060038B346 /* Assets.xcassets */,
			);
			path = "CryptoCurrency App";
			sourceTree = "<group>";
		};
		E2F898A028E5B0550038B346 /* extensions */ = {
			isa = PBXGroup;
			children = (
				E2C6F06B28E62F4B0006D9C2 /* Double.swift */,
			);
			path = extensions;
			sourceTree = "<group>";
		};
		E2F898A128E5B0890038B346 /* core */ = {
			isa = PBXGroup;
			children = (
				E2F898A328E5B0CF0038B346 /* Home */,
			);
			path = core;
			sourceTree = "<group>";
		};
		E2F898A228E5B0930038B346 /* App */ = {
			isa = PBXGroup;
			children = (
				E2F8989128E5AC030038B346 /* CryptoCurrency_App App.swift */,
			);
			path = App;
			sourceTree = "<group>";
		};
		E2F898A328E5B0CF0038B346 /* Home */ = {
			isa = PBXGroup;
			children = (
				E2F898A528E5B1300038B346 /* Views */,
				E2F898A428E5B11F0038B346 /* ViewModels */,
			);
			path = Home;
			sourceTree = "<group>";
		};
		E2F898A428E5B11F0038B346 /* ViewModels */ = {
			isa = PBXGroup;
			children = (
				E2F898B228E5C8640038B346 /* HomeViewModel.swift */,
			);
			path = ViewModels;
			sourceTree = "<group>";
		};
		E2F898A528E5B1300038B346 /* Views */ = {
			isa = PBXGroup;
			children = (
				E2F898A628E5B15E0038B346 /* HomeView.swift */,
				E2F898A928E5B3440038B346 /* TopMoversView.swift */,
				E2F898AB28E5B3750038B346 /* TopMoversItemView.swift */,
				E2F898AD28E5BF210038B346 /* AllCoinView.swift */,
				E2F898AF28E5BF340038B346 /* CoinRowView.swift */,
			);
			path = Views;
			sourceTree = "<group>";
		};
/* End PBXGroup section */

/* Begin PBXNativeTarget section */
		E2F8988D28E5AC030038B346 /* CryptoCurrency App */ = {
			isa = PBXNativeTarget;
			buildConfigurationList = E2F8989C28E5AC060038B346 /* Build configuration list for PBXNativeTarget "CryptoCurrency App" */;
			buildPhases = (
				E2F8988A28E5AC030038B346 /* Sources */,
				E2F8988B28E5AC030038B346 /* Frameworks */,
				E2F8988C28E5AC030038B346 /* Resources */,
			);
			buildRules = (
			);
			dependencies = (
			);
			name = "CryptoCurrency App";
			packageProductDependencies = (
				E2C6F06928E62DE80006D9C2 /* Kingfisher */,
			);
			productName = "CryptoCurrency App";
			productReference = E2F8988E28E5AC030038B346 /* CryptoCurrency App.app */;
			productType = "com.apple.product-type.application";
		};
/* End PBXNativeTarget section */

/* Begin PBXProject section */
		E2F8988628E5AC030038B346 /* Project object */ = {
			isa = PBXProject;
			attributes = {
				BuildIndependentTargetsInParallel = 1;
				LastSwiftUpdateCheck = 1340;
				LastUpgradeCheck = 1340;
				TargetAttributes = {
					E2F8988D28E5AC030038B346 = {
						CreatedOnToolsVersion = 13.4.1;
					};
				};
			};
			buildConfigurationList = E2F8988928E5AC030038B346 /* Build configuration list for PBXProject "CryptoCurrency App" */;
			compatibilityVersion = "Xcode 13.0";
			developmentRegion = en;
			hasScannedForEncodings = 0;
			knownRegions = (
				en,
				Base,
			);
			mainGroup = E2F8988528E5AC030038B346;
			packageReferences = (
				E2C6F06828E62DE80006D9C2 /* XCRemoteSwiftPackageReference "Kingfisher" */,
			);
			productRefGroup = E2F8988F28E5AC030038B346 /* Products */;
			projectDirPath = "";
			projectRoot = "";
			targets = (
				E2F8988D28E5AC030038B346 /* CryptoCurrency App */,
			);
		};
/* End PBXProject section */

/* Begin PBXResourcesBuildPhase section */
		E2F8988C28E5AC030038B346 /* Resources */ = {
			isa = PBXResourcesBuildPhase;
			buildActionMask = 2147483647;
			files = (
				E2F8989628E5AC060038B346 /* Assets.xcassets in Resources */,
			);
			runOnlyForDeploymentPostprocessing = 0;
		};
/* End PBXResourcesBuildPhase section */

/* Begin PBXSourcesBuildPhase section */
		E2F8988A28E5AC030038B346 /* Sources */ = {
			isa = PBXSourcesBuildPhase;
			buildActionMask = 2147483647;
			files = (
				E271F71728E6140A0020F339 /* Coin.swift in Sources */,
				E2F898AA28E5B3440038B346 /* TopMoversView.swift in Sources */,
				E2F898B028E5BF340038B346 /* CoinRowView.swift in Sources */,
				E2F898AE28E5BF210038B346 /* AllCoinView.swift in Sources */,
				E2F898B328E5C8640038B346 /* HomeViewModel.swift in Sources */,
				E2F898A728E5B15E0038B346 /* HomeView.swift in Sources */,
				E2F8989228E5AC030038B346 /* CryptoCurrency_App App.swift in Sources */,
				E2C6F06C28E62F4B0006D9C2 /* Double.swift in Sources */,
				E2F898AC28E5B3750038B346 /* TopMoversItemView.swift in Sources */,
			);
			runOnlyForDeploymentPostprocessing = 0;
		};
/* End PBXSourcesBuildPhase section */

/* Begin XCBuildConfiguration section */
		E2F8989A28E5AC060038B346 /* Debug */ = {
			isa = XCBuildConfiguration;
			buildSettings = {
				ALWAYS_SEARCH_USER_PATHS = NO;
				CLANG_ANALYZER_NONNULL = YES;
				CLANG_ANALYZER_NUMBER_OBJECT_CONVERSION = YES_AGGRESSIVE;
				CLANG_CXX_LANGUAGE_STANDARD = "gnu++17";
				CLANG_ENABLE_MODULES = YES;
				CLANG_ENABLE_OBJC_ARC = YES;
				CLANG_ENABLE_OBJC_WEAK = YES;
				CLANG_WARN_BLOCK_CAPTURE_AUTORELEASING = YES;
				CLANG_WARN_BOOL_CONVERSION = YES;
				CLANG_WARN_COMMA = YES;
				CLANG_WARN_CONSTANT_CONVERSION = YES;
				CLANG_WARN_DEPRECATED_OBJC_IMPLEMENTATIONS = YES;
				CLANG_WARN_DIRECT_OBJC_ISA_USAGE = YES_ERROR;
				CLANG_WARN_DOCUMENTATION_COMMENTS = YES;
				CLANG_WARN_EMPTY_BODY = YES;
				CLANG_WARN_ENUM_CONVERSION = YES;
				CLANG_WARN_INFINITE_RECURSION = YES;
				CLANG_WARN_INT_CONVERSION = YES;
				CLANG_WARN_NON_LITERAL_NULL_CONVERSION = YES;
				CLANG_WARN_OBJC_IMPLICIT_RETAIN_SELF = YES;
				CLANG_WARN_OBJC_LITERAL_CONVERSION = YES;
				CLANG_WARN_OBJC_ROOT_CLASS = YES_ERROR;
				CLANG_WARN_QUOTED_INCLUDE_IN_FRAMEWORK_HEADER = YES;
				CLANG_WARN_RANGE_LOOP_ANALYSIS = YES;
				CLANG_WARN_STRICT_PROTOTYPES = YES;
				CLANG_WARN_SUSPICIOUS_MOVE = YES;
				CLANG_WARN_UNGUARDED_AVAILABILITY = YES_AGGRESSIVE;
				CLANG_WARN_UNREACHABLE_CODE = YES;
				CLANG_WARN__DUPLICATE_METHOD_MATCH = YES;
				COPY_PHASE_STRIP = NO;
				DEBUG_INFORMATION_FORMAT = dwarf;
				ENABLE_STRICT_OBJC_MSGSEND = YES;
				ENABLE_TESTABILITY = YES;
				GCC_C_LANGUAGE_STANDARD = gnu11;
				GCC_DYNAMIC_NO_PIC = NO;
				GCC_NO_COMMON_BLOCKS = YES;
				GCC_OPTIMIZATION_LEVEL = 0;
				GCC_PREPROCESSOR_DEFINITIONS = (
					"DEBUG=1",
					"$(inherited)",
				);
				GCC_WARN_64_TO_32_BIT_CONVERSION = YES;
				GCC_WARN_ABOUT_RETURN_TYPE = YES_ERROR;
				GCC_WARN_UNDECLARED_SELECTOR = YES;
				GCC_WARN_UNINITIALIZED_AUTOS = YES_AGGRESSIVE;
				GCC_WARN_UNUSED_FUNCTION = YES;
				GCC_WARN_UNUSED_VARIABLE = YES;
				IPHONEOS_DEPLOYMENT_TARGET = 15.5;
				MTL_ENABLE_DEBUG_INFO = INCLUDE_SOURCE;
				MTL_FAST_MATH = YES;
				ONLY_ACTIVE_ARCH = YES;
				SDKROOT = iphoneos;
				SWIFT_ACTIVE_COMPILATION_CONDITIONS = DEBUG;
				SWIFT_OPTIMIZATION_LEVEL = "-Onone";
			};
			name = Debug;
		};
		E2F8989B28E5AC060038B346 /* Release */ = {
			isa = XCBuildConfiguration;
			buildSettings = {
				ALWAYS_SEARCH_USER_PATHS = NO;
				CLANG_ANALYZER_NONNULL = YES;
				CLANG_ANALYZER_NUMBER_OBJECT_CONVERSION = YES_AGGRESSIVE;
				CLANG_CXX_LANGUAGE_STANDARD = "gnu++17";
				CLANG_ENABLE_MODULES = YES;
				CLANG_ENABLE_OBJC_ARC = YES;
				CLANG_ENABLE_OBJC_WEAK = YES;
				CLANG_WARN_BLOCK_CAPTURE_AUTORELEASING = YES;
				CLANG_WARN_BOOL_CONVERSION = YES;
				CLANG_WARN_COMMA = YES;
				CLANG_WARN_CONSTANT_CONVERSION = YES;
				CLANG_WARN_DEPRECATED_OBJC_IMPLEMENTATIONS = YES;
				CLANG_WARN_DIRECT_OBJC_ISA_USAGE = YES_ERROR;
				CLANG_WARN_DOCUMENTATION_COMMENTS = YES;
				CLANG_WARN_EMPTY_BODY = YES;
				CLANG_WARN_ENUM_CONVERSION = YES;
				CLANG_WARN_INFINITE_RECURSION = YES;
				CLANG_WARN_INT_CONVERSION = YES;
				CLANG_WARN_NON_LITERAL_NULL_CONVERSION = YES;
				CLANG_WARN_OBJC_IMPLICIT_RETAIN_SELF = YES;
				CLANG_WARN_OBJC_LITERAL_CONVERSION = YES;
				CLANG_WARN_OBJC_ROOT_CLASS = YES_ERROR;
				CLANG_WARN_QUOTED_INCLUDE_IN_FRAMEWORK_HEADER = YES;
				CLANG_WARN_RANGE_LOOP_ANALYSIS = YES;
				CLANG_WARN_STRICT_PROTOTYPES = YES;
				CLANG_WARN_SUSPICIOUS_MOVE = YES;
				CLANG_WARN_UNGUARDED_AVAILABILITY = YES_AGGRESSIVE;
				CLANG_WARN_UNREACHABLE_CODE = YES;
				CLANG_WARN__DUPLICATE_METHOD_MATCH = YES;
				COPY_PHASE_STRIP = NO;
				DEBUG_INFORMATION_FORMAT = "dwarf-with-dsym";
				ENABLE_NS_ASSERTIONS = NO;
				ENABLE_STRICT_OBJC_MSGSEND = YES;
				GCC_C_LANGUAGE_STANDARD = gnu11;
				GCC_NO_COMMON_BLOCKS = YES;
				GCC_WARN_64_TO_32_BIT_CONVERSION = YES;
				GCC_WARN_ABOUT_RETURN_TYPE = YES_ERROR;
				GCC_WARN_UNDECLARED_SELECTOR = YES;
				GCC_WARN_UNINITIALIZED_AUTOS = YES_AGGRESSIVE;
				GCC_WARN_UNUSED_FUNCTION = YES;
				GCC_WARN_UNUSED_VARIABLE = YES;
				IPHONEOS_DEPLOYMENT_TARGET = 15.5;
				MTL_ENABLE_DEBUG_INFO = NO;
				MTL_FAST_MATH = YES;
				SDKROOT = iphoneos;
				SWIFT_COMPILATION_MODE = wholemodule;
				SWIFT_OPTIMIZATION_LEVEL = "-O";
				VALIDATE_PRODUCT = YES;
			};
			name = Release;
		};
		E2F8989D28E5AC060038B346 /* Debug */ = {
			isa = XCBuildConfiguration;
			buildSettings = {
				ASSETCATALOG_COMPILER_APPICON_NAME = AppIcon;
				ASSETCATALOG_COMPILER_GLOBAL_ACCENT_COLOR_NAME = AccentColor;
				CODE_SIGN_STYLE = Automatic;
				CURRENT_PROJECT_VERSION = 1;
				DEVELOPMENT_ASSET_PATHS = "\"CryptoCurrency App/ContentView\"";
				ENABLE_PREVIEWS = YES;
				GENERATE_INFOPLIST_FILE = YES;
				INFOPLIST_KEY_UIApplicationSceneManifest_Generation = YES;
				INFOPLIST_KEY_UIApplicationSupportsIndirectInputEvents = YES;
				INFOPLIST_KEY_UILaunchScreen_Generation = YES;
				INFOPLIST_KEY_UISupportedInterfaceOrientations_iPad = "UIInterfaceOrientationPortrait UIInterfaceOrientationPortraitUpsideDown UIInterfaceOrientationLandscapeLeft UIInterfaceOrientationLandscapeRight";
				INFOPLIST_KEY_UISupportedInterfaceOrientations_iPhone = "UIInterfaceOrientationPortrait UIInterfaceOrientationLandscapeLeft UIInterfaceOrientationLandscapeRight";
				LD_RUNPATH_SEARCH_PATHS = (
					"$(inherited)",
					"@executable_path/Frameworks",
				);
				MARKETING_VERSION = 1.0;
				PRODUCT_BUNDLE_IDENTIFIER = "Erfaahm.CryptoCurrency-App";
				PRODUCT_NAME = "$(TARGET_NAME)";
				SWIFT_EMIT_LOC_STRINGS = YES;
				SWIFT_VERSION = 5.0;
				TARGETED_DEVICE_FAMILY = "1,2";
			};
			name = Debug;
		};
		E2F8989E28E5AC060038B346 /* Release */ = {
			isa = XCBuildConfiguration;
			buildSettings = {
				ASSETCATALOG_COMPILER_APPICON_NAME = AppIcon;
				ASSETCATALOG_COMPILER_GLOBAL_ACCENT_COLOR_NAME = AccentColor;
				CODE_SIGN_STYLE = Automatic;
				CURRENT_PROJECT_VERSION = 1;
				DEVELOPMENT_ASSET_PATHS = "\"CryptoCurrency App/ContentView\"";
				ENABLE_PREVIEWS = YES;
				GENERATE_INFOPLIST_FILE = YES;
				INFOPLIST_KEY_UIApplicationSceneManifest_Generation = YES;
				INFOPLIST_KEY_UIApplicationSupportsIndirectInputEvents = YES;
				INFOPLIST_KEY_UILaunchScreen_Generation = YES;
				INFOPLIST_KEY_UISupportedInterfaceOrientations_iPad = "UIInterfaceOrientationPortrait UIInterfaceOrientationPortraitUpsideDown UIInterfaceOrientationLandscapeLeft UIInterfaceOrientationLandscapeRight";
				INFOPLIST_KEY_UISupportedInterfaceOrientations_iPhone = "UIInterfaceOrientationPortrait UIInterfaceOrientationLandscapeLeft UIInterfaceOrientationLandscapeRight";
				LD_RUNPATH_SEARCH_PATHS = (
					"$(inherited)",
					"@executable_path/Frameworks",
				);
				MARKETING_VERSION = 1.0;
				PRODUCT_BUNDLE_IDENTIFIER = "Erfaahm.CryptoCurrency-App";
				PRODUCT_NAME = "$(TARGET_NAME)";
				SWIFT_EMIT_LOC_STRINGS = YES;
				SWIFT_VERSION = 5.0;
				TARGETED_DEVICE_FAMILY = "1,2";
			};
			name = Release;
		};
/* End XCBuildConfiguration section */

/* Begin XCConfigurationList section */
		E2F8988928E5AC030038B346 /* Build configuration list for PBXProject "CryptoCurrency App" */ = {
			isa = XCConfigurationList;
			buildConfigurations = (
				E2F8989A28E5AC060038B346 /* Debug */,
				E2F8989B28E5AC060038B346 /* Release */,
			);
			defaultConfigurationIsVisible = 0;
			defaultConfigurationName = Release;
		};
		E2F8989C28E5AC060038B346 /* Build configuration list for PBXNativeTarget "CryptoCurrency App" */ = {
			isa = XCConfigurationList;
			buildConfigurations = (
				E2F8989D28E5AC060038B346 /* Debug */,
				E2F8989E28E5AC060038B346 /* Release */,
			);
			defaultConfigurationIsVisible = 0;
			defaultConfigurationName = Release;
		};
/* End XCConfigurationList section */

/* Begin XCRemoteSwiftPackageReference section */
		E2C6F06828E62DE80006D9C2 /* XCRemoteSwiftPackageReference "Kingfisher" */ = {
			isa = XCRemoteSwiftPackageReference;
			repositoryURL = "https://github.com/onevcat/Kingfisher.git";
			requirement = {
				kind = upToNextMajorVersion;
				minimumVersion = 7.0.0;
			};
		};
/* End XCRemoteSwiftPackageReference section */

/* Begin XCSwiftPackageProductDependency section */
		E2C6F06928E62DE80006D9C2 /* Kingfisher */ = {
			isa = XCSwiftPackageProductDependency;
			package = E2C6F06828E62DE80006D9C2 /* XCRemoteSwiftPackageReference "Kingfisher" */;
			productName = Kingfisher;
		};
/* End XCSwiftPackageProductDependency section */
	};
	rootObject = E2F8988628E5AC030038B346 /* Project object */;
}
